
Microsoft Visual Studio Solution File, Format Version 12.00
# Visual Studio Version 17
VisualStudioVersion = 17.2.32516.85
MinimumVisualStudioVersion = 10.0.40219.1
Project("{FAE04EC0-301F-11D3-BF4B-00C04F79EFBC}") = "Lesson03Ex03", "Lesson03Ex03\Lesson03Ex03.csproj", "{B7C8A36D-9019-4EEF-88A4-6CEEDF5C6BD4}"
EndProject
Global
	GlobalSection(SolutionConfigurationPlatforms) = preSolution
		Debug|Any CPU = Debug|Any CPU
		Release|Any CPU = Release|Any CPU
	EndGlobalSection
	GlobalSection(ProjectConfigurationPlatforms) = postSolution
		{B7C8A36D-9019-4EEF-88A4-6CEEDF5C6BD4}.Debug|Any CPU.ActiveCfg = Debug|Any CPU
		{B7C8A36D-9019-4EEF-88A4-6CEEDF5C6BD4}.Debug|Any CPU.Build.0 = Debug|Any CPU
		{B7C8A36D-9019-4EEF-88A4-6CEEDF5C6BD4}.Release|Any CPU.ActiveCfg = Release|Any CPU
		{B7C8A36D-9019-4EEF-88A4-6CEEDF5C6BD4}.Release|Any CPU.Build.0 = Release|Any CPU
	EndGlobalSection
	GlobalSection(SolutionProperties) = preSolution
		HideSolutionNode = FALSE
	EndGlobalSection
	GlobalSection(ExtensibilityGlobals) = postSolution
		SolutionGuid = {0C824CC9-9C5D-48BA-A88B-E0B646911A44}
	EndGlobalSection
EndGlobal
