
Microsoft Visual Studio Solution File, Format Version 12.00
# Visual Studio Version 17
VisualStudioVersion = 17.2.32516.85
MinimumVisualStudioVersion = 10.0.40219.1
Project("{FAE04EC0-301F-11D3-BF4B-00C04F79EFBC}") = "Lesson06Ex1", "Lesson06Ex1\Lesson06Ex1.csproj", "{5340E42D-CF8D-4B88-9589-D2D75252D23A}"
EndProject
Global
	GlobalSection(SolutionConfigurationPlatforms) = preSolution
		Debug|Any CPU = Debug|Any CPU
		Release|Any CPU = Release|Any CPU
	EndGlobalSection
	GlobalSection(ProjectConfigurationPlatforms) = postSolution
		{5340E42D-CF8D-4B88-9589-D2D75252D23A}.Debug|Any CPU.ActiveCfg = Debug|Any CPU
		{5340E42D-CF8D-4B88-9589-D2D75252D23A}.Debug|Any CPU.Build.0 = Debug|Any CPU
		{5340E42D-CF8D-4B88-9589-D2D75252D23A}.Release|Any CPU.ActiveCfg = Release|Any CPU
		{5340E42D-CF8D-4B88-9589-D2D75252D23A}.Release|Any CPU.Build.0 = Release|Any CPU
	EndGlobalSection
	GlobalSection(SolutionProperties) = preSolution
		HideSolutionNode = FALSE
	EndGlobalSection
	GlobalSection(ExtensibilityGlobals) = postSolution
		SolutionGuid = {21168FB5-1BE6-462D-9373-5F8748A1929B}
	EndGlobalSection
EndGlobal
